
Microsoft Visual Studio Solution File, Format Version 12.00
# Visual Studio Version 17
VisualStudioVersion = 17.8.34525.116
MinimumVisualStudioVersion = 10.0.40219.1
Project("{FAE04EC0-301F-11D3-BF4B-00C04F79EFBC}") = "PdfChatApp", "PdfChatApp\PdfChatApp.csproj", "{728F34C7-59B5-4D7C-9C98-9F8A32567152}"
EndProject
Global
	GlobalSection(SolutionConfigurationPlatforms) = preSolution
		Debug|Any CPU = Debug|Any CPU
		Release|Any CPU = Release|Any CPU
	EndGlobalSection
	GlobalSection(ProjectConfigurationPlatforms) = postSolution
		{728F34C7-59B5-4D7C-9C98-9F8A32567152}.Debug|Any CPU.ActiveCfg = Debug|Any CPU
		{728F34C7-59B5-4D7C-9C98-9F8A32567152}.Debug|Any CPU.Build.0 = Debug|Any CPU
		{728F34C7-59B5-4D7C-9C98-9F8A32567152}.Release|Any CPU.ActiveCfg = Release|Any CPU
		{728F34C7-59B5-4D7C-9C98-9F8A32567152}.Release|Any CPU.Build.0 = Release|Any CPU
	EndGlobalSection
	GlobalSection(SolutionProperties) = preSolution
		HideSolutionNode = FALSE
	EndGlobalSection
	GlobalSection(ExtensibilityGlobals) = postSolution
		SolutionGuid = {19A7E9D2-E217-49B7-861D-3C91EA7B5D28}
	EndGlobalSection
EndGlobal
