
Microsoft Visual Studio Solution File, Format Version 12.00
# Visual Studio Version 17
VisualStudioVersion = 17.10.34902.84
MinimumVisualStudioVersion = 10.0.40219.1
Project("{9A19103F-16F7-4668-BE54-9A1E7A4F7556}") = "Northwind.EntityModels", "Northwind.EntityModels\Northwind.EntityModels.csproj", "{079592A1-8645-4700-AA55-B4FDD286FC4B}"
EndProject
Project("{9A19103F-16F7-4668-BE54-9A1E7A4F7556}") = "Northwind.DataContext", "Northwind.DataContext\Northwind.DataContext.csproj", "{B054BA82-4C5E-49B4-B45B-4532B76B54D4}"
EndProject
Project("{9A19103F-16F7-4668-BE54-9A1E7A4F7556}") = "Northwind.Tests", "Northwind.Tests\Northwind.Tests.csproj", "{623947B6-1E80-458B-B24C-AE4C890657D7}"
EndProject
Global
	GlobalSection(SolutionConfigurationPlatforms) = preSolution
		Debug|Any CPU = Debug|Any CPU
		Release|Any CPU = Release|Any CPU
	EndGlobalSection
	GlobalSection(ProjectConfigurationPlatforms) = postSolution
		{079592A1-8645-4700-AA55-B4FDD286FC4B}.Debug|Any CPU.ActiveCfg = Debug|Any CPU
		{079592A1-8645-4700-AA55-B4FDD286FC4B}.Debug|Any CPU.Build.0 = Debug|Any CPU
		{079592A1-8645-4700-AA55-B4FDD286FC4B}.Release|Any CPU.ActiveCfg = Release|Any CPU
		{079592A1-8645-4700-AA55-B4FDD286FC4B}.Release|Any CPU.Build.0 = Release|Any CPU
		{B054BA82-4C5E-49B4-B45B-4532B76B54D4}.Debug|Any CPU.ActiveCfg = Debug|Any CPU
		{B054BA82-4C5E-49B4-B45B-4532B76B54D4}.Debug|Any CPU.Build.0 = Debug|Any CPU
		{B054BA82-4C5E-49B4-B45B-4532B76B54D4}.Release|Any CPU.ActiveCfg = Release|Any CPU
		{B054BA82-4C5E-49B4-B45B-4532B76B54D4}.Release|Any CPU.Build.0 = Release|Any CPU
		{623947B6-1E80-458B-B24C-AE4C890657D7}.Debug|Any CPU.ActiveCfg = Debug|Any CPU
		{623947B6-1E80-458B-B24C-AE4C890657D7}.Debug|Any CPU.Build.0 = Debug|Any CPU
		{623947B6-1E80-458B-B24C-AE4C890657D7}.Release|Any CPU.ActiveCfg = Release|Any CPU
		{623947B6-1E80-458B-B24C-AE4C890657D7}.Release|Any CPU.Build.0 = Release|Any CPU
	EndGlobalSection
	GlobalSection(SolutionProperties) = preSolution
		HideSolutionNode = FALSE
	EndGlobalSection
	GlobalSection(ExtensibilityGlobals) = postSolution
		SolutionGuid = {4AD7A6E3-56EA-43D3-A5CF-4D3A2FBEB828}
	EndGlobalSection
EndGlobal
