
Microsoft Visual Studio Solution File, Format Version 12.00
# Visual Studio Version 17
VisualStudioVersion = 17.10.34902.84
MinimumVisualStudioVersion = 10.0.40219.1
Project("{9A19103F-16F7-4668-BE54-9A1E7A4F7556}") = "Northwind.WebApi", "Northwind.WebApi\Northwind.WebApi.csproj", "{0092C702-D95C-4751-BAA0-F5CB1BF0B5B7}"
EndProject
Project("{9A19103F-16F7-4668-BE54-9A1E7A4F7556}") = "LoggerApp", "LoggerApp\LoggerApp.csproj", "{55979884-FEA9-4E70-8DD8-B6A3095FA0E6}"
EndProject
Global
	GlobalSection(SolutionConfigurationPlatforms) = preSolution
		Debug|Any CPU = Debug|Any CPU
		Release|Any CPU = Release|Any CPU
	EndGlobalSection
	GlobalSection(ProjectConfigurationPlatforms) = postSolution
		{0092C702-D95C-4751-BAA0-F5CB1BF0B5B7}.Debug|Any CPU.ActiveCfg = Debug|Any CPU
		{0092C702-D95C-4751-BAA0-F5CB1BF0B5B7}.Debug|Any CPU.Build.0 = Debug|Any CPU
		{0092C702-D95C-4751-BAA0-F5CB1BF0B5B7}.Release|Any CPU.ActiveCfg = Release|Any CPU
		{0092C702-D95C-4751-BAA0-F5CB1BF0B5B7}.Release|Any CPU.Build.0 = Release|Any CPU
		{55979884-FEA9-4E70-8DD8-B6A3095FA0E6}.Debug|Any CPU.ActiveCfg = Debug|Any CPU
		{55979884-FEA9-4E70-8DD8-B6A3095FA0E6}.Debug|Any CPU.Build.0 = Debug|Any CPU
		{55979884-FEA9-4E70-8DD8-B6A3095FA0E6}.Release|Any CPU.ActiveCfg = Release|Any CPU
		{55979884-FEA9-4E70-8DD8-B6A3095FA0E6}.Release|Any CPU.Build.0 = Release|Any CPU
	EndGlobalSection
	GlobalSection(SolutionProperties) = preSolution
		HideSolutionNode = FALSE
	EndGlobalSection
	GlobalSection(ExtensibilityGlobals) = postSolution
		SolutionGuid = {4AD7A6E3-56EA-43D3-A5CF-4D3A2FBEB828}
	EndGlobalSection
EndGlobal
