
Microsoft Visual Studio Solution File, Format Version 12.00
# Visual Studio Version 17
VisualStudioVersion = 17.6.33723.286
MinimumVisualStudioVersion = 10.0.40219.1
Project("{9A19103F-16F7-4668-BE54-9A1E7A4F7556}") = "EncryptionApp", "EncryptionApp\EncryptionApp.csproj", "{2FE5D17E-1622-42C7-8CD4-B018C4AA0F50}"
EndProject
Project("{9A19103F-16F7-4668-BE54-9A1E7A4F7556}") = "CryptographyLib", "CryptographyLib\CryptographyLib.csproj", "{CF60807D-75A7-4E7D-98DA-D1897910EF6F}"
EndProject
Project("{FAE04EC0-301F-11D3-BF4B-00C04F79EFBC}") = "HashingApp", "HashingApp\HashingApp.csproj", "{F2DE84CC-A4F5-40E5-9C2D-389D43D47287}"
EndProject
Project("{FAE04EC0-301F-11D3-BF4B-00C04F79EFBC}") = "SigningApp", "SigningApp\SigningApp.csproj", "{3E68E2DC-A5AA-4A68-AE0E-EC64740E0C20}"
EndProject
Project("{FAE04EC0-301F-11D3-BF4B-00C04F79EFBC}") = "RandomizingApp", "RandomizingApp\RandomizingApp.csproj", "{0772D65D-8C80-4DAA-AD22-BB00CD877365}"
EndProject
Project("{FAE04EC0-301F-11D3-BF4B-00C04F79EFBC}") = "SecureApp", "SecureApp\SecureApp.csproj", "{911BD42F-2999-4A8A-9CE6-99F655974545}"
EndProject
Project("{9A19103F-16F7-4668-BE54-9A1E7A4F7556}") = "Ch08Ex02_EncryptData", "Ch08Ex02_EncryptData\Ch08Ex02_EncryptData.csproj", "{07F300E0-EEFD-4BE6-BE84-D62AE2F144EE}"
EndProject
Project("{9A19103F-16F7-4668-BE54-9A1E7A4F7556}") = "Ch08Ex03_DecryptData", "Ch08Ex03_DecryptData\Ch08Ex03_DecryptData.csproj", "{5E9DEAD2-A271-469F-9294-068C167F0616}"
EndProject
Global
	GlobalSection(SolutionConfigurationPlatforms) = preSolution
		Debug|Any CPU = Debug|Any CPU
		Release|Any CPU = Release|Any CPU
	EndGlobalSection
	GlobalSection(ProjectConfigurationPlatforms) = postSolution
		{2FE5D17E-1622-42C7-8CD4-B018C4AA0F50}.Debug|Any CPU.ActiveCfg = Debug|Any CPU
		{2FE5D17E-1622-42C7-8CD4-B018C4AA0F50}.Debug|Any CPU.Build.0 = Debug|Any CPU
		{2FE5D17E-1622-42C7-8CD4-B018C4AA0F50}.Release|Any CPU.ActiveCfg = Release|Any CPU
		{2FE5D17E-1622-42C7-8CD4-B018C4AA0F50}.Release|Any CPU.Build.0 = Release|Any CPU
		{CF60807D-75A7-4E7D-98DA-D1897910EF6F}.Debug|Any CPU.ActiveCfg = Debug|Any CPU
		{CF60807D-75A7-4E7D-98DA-D1897910EF6F}.Debug|Any CPU.Build.0 = Debug|Any CPU
		{CF60807D-75A7-4E7D-98DA-D1897910EF6F}.Release|Any CPU.ActiveCfg = Release|Any CPU
		{CF60807D-75A7-4E7D-98DA-D1897910EF6F}.Release|Any CPU.Build.0 = Release|Any CPU
		{F2DE84CC-A4F5-40E5-9C2D-389D43D47287}.Debug|Any CPU.ActiveCfg = Debug|Any CPU
		{F2DE84CC-A4F5-40E5-9C2D-389D43D47287}.Debug|Any CPU.Build.0 = Debug|Any CPU
		{F2DE84CC-A4F5-40E5-9C2D-389D43D47287}.Release|Any CPU.ActiveCfg = Release|Any CPU
		{F2DE84CC-A4F5-40E5-9C2D-389D43D47287}.Release|Any CPU.Build.0 = Release|Any CPU
		{3E68E2DC-A5AA-4A68-AE0E-EC64740E0C20}.Debug|Any CPU.ActiveCfg = Debug|Any CPU
		{3E68E2DC-A5AA-4A68-AE0E-EC64740E0C20}.Debug|Any CPU.Build.0 = Debug|Any CPU
		{3E68E2DC-A5AA-4A68-AE0E-EC64740E0C20}.Release|Any CPU.ActiveCfg = Release|Any CPU
		{3E68E2DC-A5AA-4A68-AE0E-EC64740E0C20}.Release|Any CPU.Build.0 = Release|Any CPU
		{0772D65D-8C80-4DAA-AD22-BB00CD877365}.Debug|Any CPU.ActiveCfg = Debug|Any CPU
		{0772D65D-8C80-4DAA-AD22-BB00CD877365}.Debug|Any CPU.Build.0 = Debug|Any CPU
		{0772D65D-8C80-4DAA-AD22-BB00CD877365}.Release|Any CPU.ActiveCfg = Release|Any CPU
		{0772D65D-8C80-4DAA-AD22-BB00CD877365}.Release|Any CPU.Build.0 = Release|Any CPU
		{911BD42F-2999-4A8A-9CE6-99F655974545}.Debug|Any CPU.ActiveCfg = Debug|Any CPU
		{911BD42F-2999-4A8A-9CE6-99F655974545}.Debug|Any CPU.Build.0 = Debug|Any CPU
		{911BD42F-2999-4A8A-9CE6-99F655974545}.Release|Any CPU.ActiveCfg = Release|Any CPU
		{911BD42F-2999-4A8A-9CE6-99F655974545}.Release|Any CPU.Build.0 = Release|Any CPU
		{07F300E0-EEFD-4BE6-BE84-D62AE2F144EE}.Debug|Any CPU.ActiveCfg = Debug|Any CPU
		{07F300E0-EEFD-4BE6-BE84-D62AE2F144EE}.Debug|Any CPU.Build.0 = Debug|Any CPU
		{07F300E0-EEFD-4BE6-BE84-D62AE2F144EE}.Release|Any CPU.ActiveCfg = Release|Any CPU
		{07F300E0-EEFD-4BE6-BE84-D62AE2F144EE}.Release|Any CPU.Build.0 = Release|Any CPU
		{5E9DEAD2-A271-469F-9294-068C167F0616}.Debug|Any CPU.ActiveCfg = Debug|Any CPU
		{5E9DEAD2-A271-469F-9294-068C167F0616}.Debug|Any CPU.Build.0 = Debug|Any CPU
		{5E9DEAD2-A271-469F-9294-068C167F0616}.Release|Any CPU.ActiveCfg = Release|Any CPU
		{5E9DEAD2-A271-469F-9294-068C167F0616}.Release|Any CPU.Build.0 = Release|Any CPU
	EndGlobalSection
	GlobalSection(SolutionProperties) = preSolution
		HideSolutionNode = FALSE
	EndGlobalSection
	GlobalSection(ExtensibilityGlobals) = postSolution
		SolutionGuid = {2DCFEB9C-8D5C-4D64-8DBA-3AFE59AA6472}
	EndGlobalSection
EndGlobal
